// !$*UTF8*$!
{
	archiveVersion = 1;
	classes = {
	};
	objectVersion = 56;
	objects = {

/* Begin PBXBuildFile section */
		073E8BF22BF374E000B64A46 /* Kontest_AdminApp.swift in Sources */ = {isa = PBXBuildFile; fileRef = 073E8BF12BF374E000B64A46 /* Kontest_AdminApp.swift */; };
		073E8BF42BF374E000B64A46 /* ContentView.swift in Sources */ = {isa = PBXBuildFile; fileRef = 073E8BF32BF374E000B64A46 /* ContentView.swift */; };
		073E8BF62BF374E100B64A46 /* Assets.xcassets in Resources */ = {isa = PBXBuildFile; fileRef = 073E8BF52BF374E100B64A46 /* Assets.xcassets */; };
		073E8BFA2BF374E100B64A46 /* Preview Assets.xcassets in Resources */ = {isa = PBXBuildFile; fileRef = 073E8BF92BF374E100B64A46 /* Preview Assets.xcassets */; };
		073E8C042BF374E100B64A46 /* Kontest_AdminTests.swift in Sources */ = {isa = PBXBuildFile; fileRef = 073E8C032BF374E100B64A46 /* Kontest_AdminTests.swift */; };
		073E8C0E2BF374E100B64A46 /* Kontest_AdminUITests.swift in Sources */ = {isa = PBXBuildFile; fileRef = 073E8C0D2BF374E100B64A46 /* Kontest_AdminUITests.swift */; };
		073E8C102BF374E100B64A46 /* Kontest_AdminUITestsLaunchTests.swift in Sources */ = {isa = PBXBuildFile; fileRef = 073E8C0F2BF374E100B64A46 /* Kontest_AdminUITestsLaunchTests.swift */; };
		073E8C202BF3759C00B64A46 /* FirebaseAnalytics in Frameworks */ = {isa = PBXBuildFile; productRef = 073E8C1F2BF3759C00B64A46 /* FirebaseAnalytics */; };
		073E8C222BF376C900B64A46 /* Dependencies.swift in Sources */ = {isa = PBXBuildFile; fileRef = 073E8C212BF376C900B64A46 /* Dependencies.swift */; };
		073E8C242BF3789600B64A46 /* GoogleService-Info.plist in Resources */ = {isa = PBXBuildFile; fileRef = 073E8C232BF3789600B64A46 /* GoogleService-Info.plist */; };
		073E8C282BF3790D00B64A46 /* SignInScreen.swift in Sources */ = {isa = PBXBuildFile; fileRef = 073E8C272BF3790D00B64A46 /* SignInScreen.swift */; };
		073E8C2B2BF3791C00B64A46 /* AuthenticationEmailViewModel.swift in Sources */ = {isa = PBXBuildFile; fileRef = 073E8C2A2BF3791C00B64A46 /* AuthenticationEmailViewModel.swift */; };
		073E8C2E2BF3797D00B64A46 /* AuthenticationManager.swift in Sources */ = {isa = PBXBuildFile; fileRef = 073E8C2D2BF3797D00B64A46 /* AuthenticationManager.swift */; };
		073E8C312BF3799A00B64A46 /* FirebaseAuth in Frameworks */ = {isa = PBXBuildFile; productRef = 073E8C302BF3799A00B64A46 /* FirebaseAuth */; };
		073E8C332BF37B3B00B64A46 /* AdminManager.swift in Sources */ = {isa = PBXBuildFile; fileRef = 073E8C322BF37B3B00B64A46 /* AdminManager.swift */; };
		073E8C352BF37C0900B64A46 /* FirebaseFirestore in Frameworks */ = {isa = PBXBuildFile; productRef = 073E8C342BF37C0900B64A46 /* FirebaseFirestore */; };
		073E8C372BF37C0900B64A46 /* FirebaseFirestoreSwift in Frameworks */ = {isa = PBXBuildFile; productRef = 073E8C362BF37C0900B64A46 /* FirebaseFirestoreSwift */; };
		073E8C3A2BF37EA000B64A46 /* Router.swift in Sources */ = {isa = PBXBuildFile; fileRef = 073E8C392BF37EA000B64A46 /* Router.swift */; };
		073E8C3C2BF37ECC00B64A46 /* Screen.swift in Sources */ = {isa = PBXBuildFile; fileRef = 073E8C3B2BF37ECC00B64A46 /* Screen.swift */; };
		073E8C3E2BF37F3E00B64A46 /* AppError.swift in Sources */ = {isa = PBXBuildFile; fileRef = 073E8C3D2BF37F3E00B64A46 /* AppError.swift */; };
		073E8C402BF3857500B64A46 /* ErrorDomains.swift in Sources */ = {isa = PBXBuildFile; fileRef = 073E8C3F2BF3857500B64A46 /* ErrorDomains.swift */; };
		073E8C442BF38D1B00B64A46 /* DataViewModel.swift in Sources */ = {isa = PBXBuildFile; fileRef = 073E8C432BF38D1B00B64A46 /* DataViewModel.swift */; };
		073E8C472BF38DBD00B64A46 /* FireStoreUtilities.swift in Sources */ = {isa = PBXBuildFile; fileRef = 073E8C462BF38DBD00B64A46 /* FireStoreUtilities.swift */; };
		073E8C4A2BF39CD200B64A46 /* CodeForcesUserInfoAPIDTO.swift in Sources */ = {isa = PBXBuildFile; fileRef = 073E8C492BF39CD200B64A46 /* CodeForcesUserInfoAPIDTO.swift */; };
		073E8C4C2BF39CDF00B64A46 /* CodeForcesUserRatingAPIDTO.swift in Sources */ = {isa = PBXBuildFile; fileRef = 073E8C4B2BF39CDF00B64A46 /* CodeForcesUserRatingAPIDTO.swift */; };
		073E8C4F2BF39CFA00B64A46 /* CodeForcesUserRatingAPIModel.swift in Sources */ = {isa = PBXBuildFile; fileRef = 073E8C4E2BF39CFA00B64A46 /* CodeForcesUserRatingAPIModel.swift */; };
		073E8C512BF39D0B00B64A46 /* CodeForcesUserInfoAPIModel.swift in Sources */ = {isa = PBXBuildFile; fileRef = 073E8C502BF39D0B00B64A46 /* CodeForcesUserInfoAPIModel.swift */; };
		073E8C542BF39D3800B64A46 /* CodeForcesViewModel.swift in Sources */ = {isa = PBXBuildFile; fileRef = 073E8C532BF39D3800B64A46 /* CodeForcesViewModel.swift */; };
		073E8C572BF39D7600B64A46 /* CodeForcesAPIRepository.swift in Sources */ = {isa = PBXBuildFile; fileRef = 073E8C562BF39D7600B64A46 /* CodeForcesAPIRepository.swift */; };
		073E8C5A2BF39D8E00B64A46 /* CodeForcesFetcher.swift in Sources */ = {isa = PBXBuildFile; fileRef = 073E8C592BF39D8E00B64A46 /* CodeForcesFetcher.swift */; };
		073E8C5C2BF39DA800B64A46 /* DownloadData.swift in Sources */ = {isa = PBXBuildFile; fileRef = 073E8C5B2BF39DA800B64A46 /* DownloadData.swift */; };
		073E8C5F2BF39E1D00B64A46 /* Apollo in Frameworks */ = {isa = PBXBuildFile; productRef = 073E8C5E2BF39E1D00B64A46 /* Apollo */; };
		073E8C612BF39E5200B64A46 /* Constants.swift in Sources */ = {isa = PBXBuildFile; fileRef = 073E8C602BF39E5200B64A46 /* Constants.swift */; };
		073E8C652BF48BE700B64A46 /* ViewModel.swift in Sources */ = {isa = PBXBuildFile; fileRef = 073E8C642BF48BE700B64A46 /* ViewModel.swift */; };
		073E8C682BF48E6E00B64A46 /* AllUsersView.swift in Sources */ = {isa = PBXBuildFile; fileRef = 073E8C672BF48E6E00B64A46 /* AllUsersView.swift */; };
		073E8C6A2BF491E100B64A46 /* SignUpScreen.swift in Sources */ = {isa = PBXBuildFile; fileRef = 073E8C692BF491E100B64A46 /* SignUpScreen.swift */; };
		073E8C6E2BF4B44500B64A46 /* SettingsScreen.swift in Sources */ = {isa = PBXBuildFile; fileRef = 073E8C6D2BF4B44500B64A46 /* SettingsScreen.swift */; };
		07C4C0C12BF4B628005D0DC9 /* RotatingMapScreen.swift in Sources */ = {isa = PBXBuildFile; fileRef = 07C4C0C02BF4B628005D0DC9 /* RotatingMapScreen.swift */; };
		07C4C0C42BF4D747005D0DC9 /* AccountInformationScreen.swift in Sources */ = {isa = PBXBuildFile; fileRef = 07C4C0C32BF4D747005D0DC9 /* AccountInformationScreen.swift */; };
		07C4C0C62BF4D78A005D0DC9 /* AccountInformationViewModel.swift in Sources */ = {isa = PBXBuildFile; fileRef = 07C4C0C52BF4D78A005D0DC9 /* AccountInformationViewModel.swift */; };
		07C4C0C82BF4DDDC005D0DC9 /* MyMenu.swift in Sources */ = {isa = PBXBuildFile; fileRef = 07C4C0C72BF4DDDC005D0DC9 /* MyMenu.swift */; };
/* End PBXBuildFile section */

/* Begin PBXContainerItemProxy section */
		073E8C002BF374E100B64A46 /* PBXContainerItemProxy */ = {
			isa = PBXContainerItemProxy;
			containerPortal = 073E8BE62BF374E000B64A46 /* Project object */;
			proxyType = 1;
			remoteGlobalIDString = 073E8BED2BF374E000B64A46;
			remoteInfo = "Kontest Admin";
		};
		073E8C0A2BF374E100B64A46 /* PBXContainerItemProxy */ = {
			isa = PBXContainerItemProxy;
			containerPortal = 073E8BE62BF374E000B64A46 /* Project object */;
			proxyType = 1;
			remoteGlobalIDString = 073E8BED2BF374E000B64A46;
			remoteInfo = "Kontest Admin";
		};
/* End PBXContainerItemProxy section */

/* Begin PBXFileReference section */
		073E8BEE2BF374E000B64A46 /* Kontest Admin.app */ = {isa = PBXFileReference; explicitFileType = wrapper.application; includeInIndex = 0; path = "Kontest Admin.app"; sourceTree = BUILT_PRODUCTS_DIR; };
		073E8BF12BF374E000B64A46 /* Kontest_AdminApp.swift */ = {isa = PBXFileReference; lastKnownFileType = sourcecode.swift; path = Kontest_AdminApp.swift; sourceTree = "<group>"; };
		073E8BF32BF374E000B64A46 /* ContentView.swift */ = {isa = PBXFileReference; lastKnownFileType = sourcecode.swift; path = ContentView.swift; sourceTree = "<group>"; };
		073E8BF52BF374E100B64A46 /* Assets.xcassets */ = {isa = PBXFileReference; lastKnownFileType = folder.assetcatalog; path = Assets.xcassets; sourceTree = "<group>"; };
		073E8BF72BF374E100B64A46 /* Kontest_Admin.entitlements */ = {isa = PBXFileReference; lastKnownFileType = text.plist.entitlements; path = Kontest_Admin.entitlements; sourceTree = "<group>"; };
		073E8BF92BF374E100B64A46 /* Preview Assets.xcassets */ = {isa = PBXFileReference; lastKnownFileType = folder.assetcatalog; path = "Preview Assets.xcassets"; sourceTree = "<group>"; };
		073E8BFF2BF374E100B64A46 /* Kontest AdminTests.xctest */ = {isa = PBXFileReference; explicitFileType = wrapper.cfbundle; includeInIndex = 0; path = "Kontest AdminTests.xctest"; sourceTree = BUILT_PRODUCTS_DIR; };
		073E8C032BF374E100B64A46 /* Kontest_AdminTests.swift */ = {isa = PBXFileReference; lastKnownFileType = sourcecode.swift; path = Kontest_AdminTests.swift; sourceTree = "<group>"; };
		073E8C092BF374E100B64A46 /* Kontest AdminUITests.xctest */ = {isa = PBXFileReference; explicitFileType = wrapper.cfbundle; includeInIndex = 0; path = "Kontest AdminUITests.xctest"; sourceTree = BUILT_PRODUCTS_DIR; };
		073E8C0D2BF374E100B64A46 /* Kontest_AdminUITests.swift */ = {isa = PBXFileReference; lastKnownFileType = sourcecode.swift; path = Kontest_AdminUITests.swift; sourceTree = "<group>"; };
		073E8C0F2BF374E100B64A46 /* Kontest_AdminUITestsLaunchTests.swift */ = {isa = PBXFileReference; lastKnownFileType = sourcecode.swift; path = Kontest_AdminUITestsLaunchTests.swift; sourceTree = "<group>"; };
		073E8C212BF376C900B64A46 /* Dependencies.swift */ = {isa = PBXFileReference; lastKnownFileType = sourcecode.swift; path = Dependencies.swift; sourceTree = "<group>"; };
		073E8C232BF3789600B64A46 /* GoogleService-Info.plist */ = {isa = PBXFileReference; fileEncoding = 4; lastKnownFileType = text.plist.xml; path = "GoogleService-Info.plist"; sourceTree = "<group>"; };
		073E8C272BF3790D00B64A46 /* SignInScreen.swift */ = {isa = PBXFileReference; lastKnownFileType = sourcecode.swift; path = SignInScreen.swift; sourceTree = "<group>"; };
		073E8C2A2BF3791C00B64A46 /* AuthenticationEmailViewModel.swift */ = {isa = PBXFileReference; lastKnownFileType = sourcecode.swift; path = AuthenticationEmailViewModel.swift; sourceTree = "<group>"; };
		073E8C2D2BF3797D00B64A46 /* AuthenticationManager.swift */ = {isa = PBXFileReference; lastKnownFileType = sourcecode.swift; path = AuthenticationManager.swift; sourceTree = "<group>"; };
		073E8C322BF37B3B00B64A46 /* AdminManager.swift */ = {isa = PBXFileReference; lastKnownFileType = sourcecode.swift; path = AdminManager.swift; sourceTree = "<group>"; };
		073E8C392BF37EA000B64A46 /* Router.swift */ = {isa = PBXFileReference; lastKnownFileType = sourcecode.swift; path = Router.swift; sourceTree = "<group>"; };
		073E8C3B2BF37ECC00B64A46 /* Screen.swift */ = {isa = PBXFileReference; lastKnownFileType = sourcecode.swift; path = Screen.swift; sourceTree = "<group>"; };
		073E8C3D2BF37F3E00B64A46 /* AppError.swift */ = {isa = PBXFileReference; lastKnownFileType = sourcecode.swift; path = AppError.swift; sourceTree = "<group>"; };
		073E8C3F2BF3857500B64A46 /* ErrorDomains.swift */ = {isa = PBXFileReference; lastKnownFileType = sourcecode.swift; path = ErrorDomains.swift; sourceTree = "<group>"; };
		073E8C432BF38D1B00B64A46 /* DataViewModel.swift */ = {isa = PBXFileReference; lastKnownFileType = sourcecode.swift; path = DataViewModel.swift; sourceTree = "<group>"; };
		073E8C462BF38DBD00B64A46 /* FireStoreUtilities.swift */ = {isa = PBXFileReference; lastKnownFileType = sourcecode.swift; path = FireStoreUtilities.swift; sourceTree = "<group>"; };
		073E8C492BF39CD200B64A46 /* CodeForcesUserInfoAPIDTO.swift */ = {isa = PBXFileReference; lastKnownFileType = sourcecode.swift; path = CodeForcesUserInfoAPIDTO.swift; sourceTree = "<group>"; };
		073E8C4B2BF39CDF00B64A46 /* CodeForcesUserRatingAPIDTO.swift */ = {isa = PBXFileReference; lastKnownFileType = sourcecode.swift; path = CodeForcesUserRatingAPIDTO.swift; sourceTree = "<group>"; };
		073E8C4E2BF39CFA00B64A46 /* CodeForcesUserRatingAPIModel.swift */ = {isa = PBXFileReference; lastKnownFileType = sourcecode.swift; path = CodeForcesUserRatingAPIModel.swift; sourceTree = "<group>"; };
		073E8C502BF39D0B00B64A46 /* CodeForcesUserInfoAPIModel.swift */ = {isa = PBXFileReference; lastKnownFileType = sourcecode.swift; path = CodeForcesUserInfoAPIModel.swift; sourceTree = "<group>"; };
		073E8C532BF39D3800B64A46 /* CodeForcesViewModel.swift */ = {isa = PBXFileReference; lastKnownFileType = sourcecode.swift; path = CodeForcesViewModel.swift; sourceTree = "<group>"; };
		073E8C562BF39D7600B64A46 /* CodeForcesAPIRepository.swift */ = {isa = PBXFileReference; lastKnownFileType = sourcecode.swift; path = CodeForcesAPIRepository.swift; sourceTree = "<group>"; };
		073E8C592BF39D8E00B64A46 /* CodeForcesFetcher.swift */ = {isa = PBXFileReference; lastKnownFileType = sourcecode.swift; path = CodeForcesFetcher.swift; sourceTree = "<group>"; };
		073E8C5B2BF39DA800B64A46 /* DownloadData.swift */ = {isa = PBXFileReference; lastKnownFileType = sourcecode.swift; path = DownloadData.swift; sourceTree = "<group>"; };
		073E8C602BF39E5200B64A46 /* Constants.swift */ = {isa = PBXFileReference; lastKnownFileType = sourcecode.swift; path = Constants.swift; sourceTree = "<group>"; };
		073E8C642BF48BE700B64A46 /* ViewModel.swift */ = {isa = PBXFileReference; lastKnownFileType = sourcecode.swift; path = ViewModel.swift; sourceTree = "<group>"; };
		073E8C672BF48E6E00B64A46 /* AllUsersView.swift */ = {isa = PBXFileReference; lastKnownFileType = sourcecode.swift; path = AllUsersView.swift; sourceTree = "<group>"; };
		073E8C692BF491E100B64A46 /* SignUpScreen.swift */ = {isa = PBXFileReference; lastKnownFileType = sourcecode.swift; path = SignUpScreen.swift; sourceTree = "<group>"; };
		073E8C6D2BF4B44500B64A46 /* SettingsScreen.swift */ = {isa = PBXFileReference; lastKnownFileType = sourcecode.swift; path = SettingsScreen.swift; sourceTree = "<group>"; };
		07C4C0C02BF4B628005D0DC9 /* RotatingMapScreen.swift */ = {isa = PBXFileReference; lastKnownFileType = sourcecode.swift; path = RotatingMapScreen.swift; sourceTree = "<group>"; };
		07C4C0C32BF4D747005D0DC9 /* AccountInformationScreen.swift */ = {isa = PBXFileReference; lastKnownFileType = sourcecode.swift; path = AccountInformationScreen.swift; sourceTree = "<group>"; };
		07C4C0C52BF4D78A005D0DC9 /* AccountInformationViewModel.swift */ = {isa = PBXFileReference; lastKnownFileType = sourcecode.swift; path = AccountInformationViewModel.swift; sourceTree = "<group>"; };
		07C4C0C72BF4DDDC005D0DC9 /* MyMenu.swift */ = {isa = PBXFileReference; lastKnownFileType = sourcecode.swift; path = MyMenu.swift; sourceTree = "<group>"; };
/* End PBXFileReference section */

/* Begin PBXFrameworksBuildPhase section */
		073E8BEB2BF374E000B64A46 /* Frameworks */ = {
			isa = PBXFrameworksBuildPhase;
			buildActionMask = 2147483647;
			files = (
				073E8C5F2BF39E1D00B64A46 /* Apollo in Frameworks */,
				073E8C202BF3759C00B64A46 /* FirebaseAnalytics in Frameworks */,
				073E8C312BF3799A00B64A46 /* FirebaseAuth in Frameworks */,
				073E8C352BF37C0900B64A46 /* FirebaseFirestore in Frameworks */,
				073E8C372BF37C0900B64A46 /* FirebaseFirestoreSwift in Frameworks */,
			);
			runOnlyForDeploymentPostprocessing = 0;
		};
		073E8BFC2BF374E100B64A46 /* Frameworks */ = {
			isa = PBXFrameworksBuildPhase;
			buildActionMask = 2147483647;
			files = (
			);
			runOnlyForDeploymentPostprocessing = 0;
		};
		073E8C062BF374E100B64A46 /* Frameworks */ = {
			isa = PBXFrameworksBuildPhase;
			buildActionMask = 2147483647;
			files = (
			);
			runOnlyForDeploymentPostprocessing = 0;
		};
/* End PBXFrameworksBuildPhase section */

/* Begin PBXGroup section */
		073E8BE52BF374E000B64A46 = {
			isa = PBXGroup;
			children = (
				073E8BF02BF374E000B64A46 /* Kontest Admin */,
				073E8C022BF374E100B64A46 /* Kontest AdminTests */,
				073E8C0C2BF374E100B64A46 /* Kontest AdminUITests */,
				073E8BEF2BF374E000B64A46 /* Products */,
				073E8C2F2BF3799A00B64A46 /* Frameworks */,
			);
			sourceTree = "<group>";
		};
		073E8BEF2BF374E000B64A46 /* Products */ = {
			isa = PBXGroup;
			children = (
				073E8BEE2BF374E000B64A46 /* Kontest Admin.app */,
				073E8BFF2BF374E100B64A46 /* Kontest AdminTests.xctest */,
				073E8C092BF374E100B64A46 /* Kontest AdminUITests.xctest */,
			);
			name = Products;
			sourceTree = "<group>";
		};
		073E8BF02BF374E000B64A46 /* Kontest Admin */ = {
			isa = PBXGroup;
			children = (
				073E8C662BF48E5800B64A46 /* Screens */,
				073E8C582BF39D8800B64A46 /* Protocols */,
				073E8C552BF39D6900B64A46 /* Repositories */,
				073E8C522BF39D2A00B64A46 /* ViewModels */,
				073E8C4D2BF39CF700B64A46 /* Models */,
				073E8C482BF39CCC00B64A46 /* DTOs */,
				073E8C412BF38D0200B64A46 /* Firebase */,
				073E8C232BF3789600B64A46 /* GoogleService-Info.plist */,
				073E8BF12BF374E000B64A46 /* Kontest_AdminApp.swift */,
				073E8BF32BF374E000B64A46 /* ContentView.swift */,
				073E8BF52BF374E100B64A46 /* Assets.xcassets */,
				073E8BF72BF374E100B64A46 /* Kontest_Admin.entitlements */,
				073E8C382BF37E9800B64A46 /* Utilities */,
				073E8BF82BF374E100B64A46 /* Preview Content */,
				073E8C212BF376C900B64A46 /* Dependencies.swift */,
			);
			path = "Kontest Admin";
			sourceTree = "<group>";
		};
		073E8BF82BF374E100B64A46 /* Preview Content */ = {
			isa = PBXGroup;
			children = (
				073E8BF92BF374E100B64A46 /* Preview Assets.xcassets */,
			);
			path = "Preview Content";
			sourceTree = "<group>";
		};
		073E8C022BF374E100B64A46 /* Kontest AdminTests */ = {
			isa = PBXGroup;
			children = (
				073E8C032BF374E100B64A46 /* Kontest_AdminTests.swift */,
			);
			path = "Kontest AdminTests";
			sourceTree = "<group>";
		};
		073E8C0C2BF374E100B64A46 /* Kontest AdminUITests */ = {
			isa = PBXGroup;
			children = (
				073E8C0D2BF374E100B64A46 /* Kontest_AdminUITests.swift */,
				073E8C0F2BF374E100B64A46 /* Kontest_AdminUITestsLaunchTests.swift */,
			);
			path = "Kontest AdminUITests";
			sourceTree = "<group>";
		};
		073E8C252BF378F100B64A46 /* Authentication */ = {
			isa = PBXGroup;
			children = (
				073E8C2C2BF3796F00B64A46 /* Managers */,
				073E8C292BF3790F00B64A46 /* ViewModels */,
				073E8C262BF378FA00B64A46 /* Screens */,
			);
			path = Authentication;
			sourceTree = "<group>";
		};
		073E8C262BF378FA00B64A46 /* Screens */ = {
			isa = PBXGroup;
			children = (
				073E8C272BF3790D00B64A46 /* SignInScreen.swift */,
				073E8C692BF491E100B64A46 /* SignUpScreen.swift */,
			);
			path = Screens;
			sourceTree = "<group>";
		};
		073E8C292BF3790F00B64A46 /* ViewModels */ = {
			isa = PBXGroup;
			children = (
				073E8C2A2BF3791C00B64A46 /* AuthenticationEmailViewModel.swift */,
			);
			path = ViewModels;
			sourceTree = "<group>";
		};
		073E8C2C2BF3796F00B64A46 /* Managers */ = {
			isa = PBXGroup;
			children = (
				073E8C2D2BF3797D00B64A46 /* AuthenticationManager.swift */,
				073E8C322BF37B3B00B64A46 /* AdminManager.swift */,
			);
			path = Managers;
			sourceTree = "<group>";
		};
		073E8C2F2BF3799A00B64A46 /* Frameworks */ = {
			isa = PBXGroup;
			children = (
			);
			name = Frameworks;
			sourceTree = "<group>";
		};
		073E8C382BF37E9800B64A46 /* Utilities */ = {
			isa = PBXGroup;
			children = (
				073E8C392BF37EA000B64A46 /* Router.swift */,
				073E8C3B2BF37ECC00B64A46 /* Screen.swift */,
				073E8C3D2BF37F3E00B64A46 /* AppError.swift */,
				073E8C3F2BF3857500B64A46 /* ErrorDomains.swift */,
				073E8C462BF38DBD00B64A46 /* FireStoreUtilities.swift */,
				073E8C5B2BF39DA800B64A46 /* DownloadData.swift */,
				073E8C602BF39E5200B64A46 /* Constants.swift */,
				07C4C0C72BF4DDDC005D0DC9 /* MyMenu.swift */,
			);
			path = Utilities;
			sourceTree = "<group>";
		};
		073E8C412BF38D0200B64A46 /* Firebase */ = {
			isa = PBXGroup;
			children = (
				073E8C422BF38D0600B64A46 /* Data */,
				073E8C252BF378F100B64A46 /* Authentication */,
			);
			path = Firebase;
			sourceTree = "<group>";
		};
		073E8C422BF38D0600B64A46 /* Data */ = {
			isa = PBXGroup;
			children = (
				073E8C452BF38D6800B64A46 /* ViewModels */,
			);
			path = Data;
			sourceTree = "<group>";
		};
		073E8C452BF38D6800B64A46 /* ViewModels */ = {
			isa = PBXGroup;
			children = (
				073E8C432BF38D1B00B64A46 /* DataViewModel.swift */,
			);
			path = ViewModels;
			sourceTree = "<group>";
		};
		073E8C482BF39CCC00B64A46 /* DTOs */ = {
			isa = PBXGroup;
			children = (
				073E8C492BF39CD200B64A46 /* CodeForcesUserInfoAPIDTO.swift */,
				073E8C4B2BF39CDF00B64A46 /* CodeForcesUserRatingAPIDTO.swift */,
			);
			path = DTOs;
			sourceTree = "<group>";
		};
		073E8C4D2BF39CF700B64A46 /* Models */ = {
			isa = PBXGroup;
			children = (
				073E8C4E2BF39CFA00B64A46 /* CodeForcesUserRatingAPIModel.swift */,
				073E8C502BF39D0B00B64A46 /* CodeForcesUserInfoAPIModel.swift */,
			);
			path = Models;
			sourceTree = "<group>";
		};
		073E8C522BF39D2A00B64A46 /* ViewModels */ = {
			isa = PBXGroup;
			children = (
				073E8C532BF39D3800B64A46 /* CodeForcesViewModel.swift */,
				073E8C642BF48BE700B64A46 /* ViewModel.swift */,
				07C4C0C52BF4D78A005D0DC9 /* AccountInformationViewModel.swift */,
			);
			path = ViewModels;
			sourceTree = "<group>";
		};
		073E8C552BF39D6900B64A46 /* Repositories */ = {
			isa = PBXGroup;
			children = (
				073E8C562BF39D7600B64A46 /* CodeForcesAPIRepository.swift */,
			);
			path = Repositories;
			sourceTree = "<group>";
		};
		073E8C582BF39D8800B64A46 /* Protocols */ = {
			isa = PBXGroup;
			children = (
				073E8C592BF39D8E00B64A46 /* CodeForcesFetcher.swift */,
			);
			path = Protocols;
			sourceTree = "<group>";
		};
		073E8C662BF48E5800B64A46 /* Screens */ = {
			isa = PBXGroup;
			children = (
				073E8C672BF48E6E00B64A46 /* AllUsersView.swift */,
				073E8C6D2BF4B44500B64A46 /* SettingsScreen.swift */,
				07C4C0C02BF4B628005D0DC9 /* RotatingMapScreen.swift */,
				07C4C0C32BF4D747005D0DC9 /* AccountInformationScreen.swift */,
			);
			path = Screens;
			sourceTree = "<group>";
		};
/* End PBXGroup section */

/* Begin PBXNativeTarget section */
		073E8BED2BF374E000B64A46 /* Kontest Admin */ = {
			isa = PBXNativeTarget;
			buildConfigurationList = 073E8C132BF374E100B64A46 /* Build configuration list for PBXNativeTarget "Kontest Admin" */;
			buildPhases = (
				073E8BEA2BF374E000B64A46 /* Sources */,
				073E8BEB2BF374E000B64A46 /* Frameworks */,
				073E8BEC2BF374E000B64A46 /* Resources */,
			);
			buildRules = (
			);
			dependencies = (
			);
			name = "Kontest Admin";
			packageProductDependencies = (
				073E8C1F2BF3759C00B64A46 /* FirebaseAnalytics */,
				073E8C302BF3799A00B64A46 /* FirebaseAuth */,
				073E8C342BF37C0900B64A46 /* FirebaseFirestore */,
				073E8C362BF37C0900B64A46 /* FirebaseFirestoreSwift */,
				073E8C5E2BF39E1D00B64A46 /* Apollo */,
			);
			productName = "Kontest Admin";
			productReference = 073E8BEE2BF374E000B64A46 /* Kontest Admin.app */;
			productType = "com.apple.product-type.application";
		};
		073E8BFE2BF374E100B64A46 /* Kontest AdminTests */ = {
			isa = PBXNativeTarget;
			buildConfigurationList = 073E8C162BF374E100B64A46 /* Build configuration list for PBXNativeTarget "Kontest AdminTests" */;
			buildPhases = (
				073E8BFB2BF374E100B64A46 /* Sources */,
				073E8BFC2BF374E100B64A46 /* Frameworks */,
				073E8BFD2BF374E100B64A46 /* Resources */,
			);
			buildRules = (
			);
			dependencies = (
				073E8C012BF374E100B64A46 /* PBXTargetDependency */,
			);
			name = "Kontest AdminTests";
			productName = "Kontest AdminTests";
			productReference = 073E8BFF2BF374E100B64A46 /* Kontest AdminTests.xctest */;
			productType = "com.apple.product-type.bundle.unit-test";
		};
		073E8C082BF374E100B64A46 /* Kontest AdminUITests */ = {
			isa = PBXNativeTarget;
			buildConfigurationList = 073E8C192BF374E100B64A46 /* Build configuration list for PBXNativeTarget "Kontest AdminUITests" */;
			buildPhases = (
				073E8C052BF374E100B64A46 /* Sources */,
				073E8C062BF374E100B64A46 /* Frameworks */,
				073E8C072BF374E100B64A46 /* Resources */,
			);
			buildRules = (
			);
			dependencies = (
				073E8C0B2BF374E100B64A46 /* PBXTargetDependency */,
			);
			name = "Kontest AdminUITests";
			productName = "Kontest AdminUITests";
			productReference = 073E8C092BF374E100B64A46 /* Kontest AdminUITests.xctest */;
			productType = "com.apple.product-type.bundle.ui-testing";
		};
/* End PBXNativeTarget section */

/* Begin PBXProject section */
		073E8BE62BF374E000B64A46 /* Project object */ = {
			isa = PBXProject;
			attributes = {
				BuildIndependentTargetsInParallel = 1;
				LastSwiftUpdateCheck = 1540;
				LastUpgradeCheck = 1540;
				TargetAttributes = {
					073E8BED2BF374E000B64A46 = {
						CreatedOnToolsVersion = 15.4;
					};
					073E8BFE2BF374E100B64A46 = {
						CreatedOnToolsVersion = 15.4;
						TestTargetID = 073E8BED2BF374E000B64A46;
					};
					073E8C082BF374E100B64A46 = {
						CreatedOnToolsVersion = 15.4;
						TestTargetID = 073E8BED2BF374E000B64A46;
					};
				};
			};
			buildConfigurationList = 073E8BE92BF374E000B64A46 /* Build configuration list for PBXProject "Kontest Admin" */;
			compatibilityVersion = "Xcode 14.0";
			developmentRegion = en;
			hasScannedForEncodings = 0;
			knownRegions = (
				en,
				Base,
			);
			mainGroup = 073E8BE52BF374E000B64A46;
			packageReferences = (
				073E8C1E2BF3759C00B64A46 /* XCRemoteSwiftPackageReference "firebase-ios-sdk" */,
				073E8C5D2BF39E1D00B64A46 /* XCRemoteSwiftPackageReference "apollo-ios" */,
			);
			productRefGroup = 073E8BEF2BF374E000B64A46 /* Products */;
			projectDirPath = "";
			projectRoot = "";
			targets = (
				073E8BED2BF374E000B64A46 /* Kontest Admin */,
				073E8BFE2BF374E100B64A46 /* Kontest AdminTests */,
				073E8C082BF374E100B64A46 /* Kontest AdminUITests */,
			);
		};
/* End PBXProject section */

/* Begin PBXResourcesBuildPhase section */
		073E8BEC2BF374E000B64A46 /* Resources */ = {
			isa = PBXResourcesBuildPhase;
			buildActionMask = 2147483647;
			files = (
				073E8BFA2BF374E100B64A46 /* Preview Assets.xcassets in Resources */,
				073E8BF62BF374E100B64A46 /* Assets.xcassets in Resources */,
				073E8C242BF3789600B64A46 /* GoogleService-Info.plist in Resources */,
			);
			runOnlyForDeploymentPostprocessing = 0;
		};
		073E8BFD2BF374E100B64A46 /* Resources */ = {
			isa = PBXResourcesBuildPhase;
			buildActionMask = 2147483647;
			files = (
			);
			runOnlyForDeploymentPostprocessing = 0;
		};
		073E8C072BF374E100B64A46 /* Resources */ = {
			isa = PBXResourcesBuildPhase;
			buildActionMask = 2147483647;
			files = (
			);
			runOnlyForDeploymentPostprocessing = 0;
		};
/* End PBXResourcesBuildPhase section */

/* Begin PBXSourcesBuildPhase section */
		073E8BEA2BF374E000B64A46 /* Sources */ = {
			isa = PBXSourcesBuildPhase;
			buildActionMask = 2147483647;
			files = (
				07C4C0C82BF4DDDC005D0DC9 /* MyMenu.swift in Sources */,
				073E8C3A2BF37EA000B64A46 /* Router.swift in Sources */,
				073E8C612BF39E5200B64A46 /* Constants.swift in Sources */,
				073E8C572BF39D7600B64A46 /* CodeForcesAPIRepository.swift in Sources */,
				073E8C2B2BF3791C00B64A46 /* AuthenticationEmailViewModel.swift in Sources */,
				07C4C0C42BF4D747005D0DC9 /* AccountInformationScreen.swift in Sources */,
				073E8C472BF38DBD00B64A46 /* FireStoreUtilities.swift in Sources */,
				07C4C0C12BF4B628005D0DC9 /* RotatingMapScreen.swift in Sources */,
				073E8C652BF48BE700B64A46 /* ViewModel.swift in Sources */,
				073E8C3E2BF37F3E00B64A46 /* AppError.swift in Sources */,
				07C4C0C62BF4D78A005D0DC9 /* AccountInformationViewModel.swift in Sources */,
				073E8C4C2BF39CDF00B64A46 /* CodeForcesUserRatingAPIDTO.swift in Sources */,
				073E8C222BF376C900B64A46 /* Dependencies.swift in Sources */,
				073E8C402BF3857500B64A46 /* ErrorDomains.swift in Sources */,
				073E8C6A2BF491E100B64A46 /* SignUpScreen.swift in Sources */,
				073E8C4A2BF39CD200B64A46 /* CodeForcesUserInfoAPIDTO.swift in Sources */,
				073E8C682BF48E6E00B64A46 /* AllUsersView.swift in Sources */,
				073E8C332BF37B3B00B64A46 /* AdminManager.swift in Sources */,
				073E8C282BF3790D00B64A46 /* SignInScreen.swift in Sources */,
				073E8C5C2BF39DA800B64A46 /* DownloadData.swift in Sources */,
				073E8C3C2BF37ECC00B64A46 /* Screen.swift in Sources */,
				073E8C5A2BF39D8E00B64A46 /* CodeForcesFetcher.swift in Sources */,
				073E8C512BF39D0B00B64A46 /* CodeForcesUserInfoAPIModel.swift in Sources */,
				073E8C442BF38D1B00B64A46 /* DataViewModel.swift in Sources */,
				073E8C6E2BF4B44500B64A46 /* SettingsScreen.swift in Sources */,
				073E8C2E2BF3797D00B64A46 /* AuthenticationManager.swift in Sources */,
				073E8C4F2BF39CFA00B64A46 /* CodeForcesUserRatingAPIModel.swift in Sources */,
				073E8C542BF39D3800B64A46 /* CodeForcesViewModel.swift in Sources */,
				073E8BF42BF374E000B64A46 /* ContentView.swift in Sources */,
				073E8BF22BF374E000B64A46 /* Kontest_AdminApp.swift in Sources */,
			);
			runOnlyForDeploymentPostprocessing = 0;
		};
		073E8BFB2BF374E100B64A46 /* Sources */ = {
			isa = PBXSourcesBuildPhase;
			buildActionMask = 2147483647;
			files = (
				073E8C042BF374E100B64A46 /* Kontest_AdminTests.swift in Sources */,
			);
			runOnlyForDeploymentPostprocessing = 0;
		};
		073E8C052BF374E100B64A46 /* Sources */ = {
			isa = PBXSourcesBuildPhase;
			buildActionMask = 2147483647;
			files = (
				073E8C0E2BF374E100B64A46 /* Kontest_AdminUITests.swift in Sources */,
				073E8C102BF374E100B64A46 /* Kontest_AdminUITestsLaunchTests.swift in Sources */,
			);
			runOnlyForDeploymentPostprocessing = 0;
		};
/* End PBXSourcesBuildPhase section */

/* Begin PBXTargetDependency section */
		073E8C012BF374E100B64A46 /* PBXTargetDependency */ = {
			isa = PBXTargetDependency;
			target = 073E8BED2BF374E000B64A46 /* Kontest Admin */;
			targetProxy = 073E8C002BF374E100B64A46 /* PBXContainerItemProxy */;
		};
		073E8C0B2BF374E100B64A46 /* PBXTargetDependency */ = {
			isa = PBXTargetDependency;
			target = 073E8BED2BF374E000B64A46 /* Kontest Admin */;
			targetProxy = 073E8C0A2BF374E100B64A46 /* PBXContainerItemProxy */;
		};
/* End PBXTargetDependency section */

/* Begin XCBuildConfiguration section */
		073E8C112BF374E100B64A46 /* Debug */ = {
			isa = XCBuildConfiguration;
			buildSettings = {
				ALWAYS_SEARCH_USER_PATHS = NO;
				ASSETCATALOG_COMPILER_GENERATE_SWIFT_ASSET_SYMBOL_EXTENSIONS = YES;
				CLANG_ANALYZER_NONNULL = YES;
				CLANG_ANALYZER_NUMBER_OBJECT_CONVERSION = YES_AGGRESSIVE;
				CLANG_CXX_LANGUAGE_STANDARD = "gnu++20";
				CLANG_ENABLE_MODULES = YES;
				CLANG_ENABLE_OBJC_ARC = YES;
				CLANG_ENABLE_OBJC_WEAK = YES;
				CLANG_WARN_BLOCK_CAPTURE_AUTORELEASING = YES;
				CLANG_WARN_BOOL_CONVERSION = YES;
				CLANG_WARN_COMMA = YES;
				CLANG_WARN_CONSTANT_CONVERSION = YES;
				CLANG_WARN_DEPRECATED_OBJC_IMPLEMENTATIONS = YES;
				CLANG_WARN_DIRECT_OBJC_ISA_USAGE = YES_ERROR;
				CLANG_WARN_DOCUMENTATION_COMMENTS = YES;
				CLANG_WARN_EMPTY_BODY = YES;
				CLANG_WARN_ENUM_CONVERSION = YES;
				CLANG_WARN_INFINITE_RECURSION = YES;
				CLANG_WARN_INT_CONVERSION = YES;
				CLANG_WARN_NON_LITERAL_NULL_CONVERSION = YES;
				CLANG_WARN_OBJC_IMPLICIT_RETAIN_SELF = YES;
				CLANG_WARN_OBJC_LITERAL_CONVERSION = YES;
				CLANG_WARN_OBJC_ROOT_CLASS = YES_ERROR;
				CLANG_WARN_QUOTED_INCLUDE_IN_FRAMEWORK_HEADER = YES;
				CLANG_WARN_RANGE_LOOP_ANALYSIS = YES;
				CLANG_WARN_STRICT_PROTOTYPES = YES;
				CLANG_WARN_SUSPICIOUS_MOVE = YES;
				CLANG_WARN_UNGUARDED_AVAILABILITY = YES_AGGRESSIVE;
				CLANG_WARN_UNREACHABLE_CODE = YES;
				CLANG_WARN__DUPLICATE_METHOD_MATCH = YES;
				COPY_PHASE_STRIP = NO;
				DEBUG_INFORMATION_FORMAT = dwarf;
				ENABLE_STRICT_OBJC_MSGSEND = YES;
				ENABLE_TESTABILITY = YES;
				ENABLE_USER_SCRIPT_SANDBOXING = YES;
				GCC_C_LANGUAGE_STANDARD = gnu17;
				GCC_DYNAMIC_NO_PIC = NO;
				GCC_NO_COMMON_BLOCKS = YES;
				GCC_OPTIMIZATION_LEVEL = 0;
				GCC_PREPROCESSOR_DEFINITIONS = (
					"DEBUG=1",
					"$(inherited)",
				);
				GCC_WARN_64_TO_32_BIT_CONVERSION = YES;
				GCC_WARN_ABOUT_RETURN_TYPE = YES_ERROR;
				GCC_WARN_UNDECLARED_SELECTOR = YES;
				GCC_WARN_UNINITIALIZED_AUTOS = YES_AGGRESSIVE;
				GCC_WARN_UNUSED_FUNCTION = YES;
				GCC_WARN_UNUSED_VARIABLE = YES;
				LOCALIZATION_PREFERS_STRING_CATALOGS = YES;
				MTL_ENABLE_DEBUG_INFO = INCLUDE_SOURCE;
				MTL_FAST_MATH = YES;
				ONLY_ACTIVE_ARCH = YES;
				SWIFT_ACTIVE_COMPILATION_CONDITIONS = "DEBUG $(inherited)";
				SWIFT_OPTIMIZATION_LEVEL = "-Onone";
			};
			name = Debug;
		};
		073E8C122BF374E100B64A46 /* Release */ = {
			isa = XCBuildConfiguration;
			buildSettings = {
				ALWAYS_SEARCH_USER_PATHS = NO;
				ASSETCATALOG_COMPILER_GENERATE_SWIFT_ASSET_SYMBOL_EXTENSIONS = YES;
				CLANG_ANALYZER_NONNULL = YES;
				CLANG_ANALYZER_NUMBER_OBJECT_CONVERSION = YES_AGGRESSIVE;
				CLANG_CXX_LANGUAGE_STANDARD = "gnu++20";
				CLANG_ENABLE_MODULES = YES;
				CLANG_ENABLE_OBJC_ARC = YES;
				CLANG_ENABLE_OBJC_WEAK = YES;
				CLANG_WARN_BLOCK_CAPTURE_AUTORELEASING = YES;
				CLANG_WARN_BOOL_CONVERSION = YES;
				CLANG_WARN_COMMA = YES;
				CLANG_WARN_CONSTANT_CONVERSION = YES;
				CLANG_WARN_DEPRECATED_OBJC_IMPLEMENTATIONS = YES;
				CLANG_WARN_DIRECT_OBJC_ISA_USAGE = YES_ERROR;
				CLANG_WARN_DOCUMENTATION_COMMENTS = YES;
				CLANG_WARN_EMPTY_BODY = YES;
				CLANG_WARN_ENUM_CONVERSION = YES;
				CLANG_WARN_INFINITE_RECURSION = YES;
				CLANG_WARN_INT_CONVERSION = YES;
				CLANG_WARN_NON_LITERAL_NULL_CONVERSION = YES;
				CLANG_WARN_OBJC_IMPLICIT_RETAIN_SELF = YES;
				CLANG_WARN_OBJC_LITERAL_CONVERSION = YES;
				CLANG_WARN_OBJC_ROOT_CLASS = YES_ERROR;
				CLANG_WARN_QUOTED_INCLUDE_IN_FRAMEWORK_HEADER = YES;
				CLANG_WARN_RANGE_LOOP_ANALYSIS = YES;
				CLANG_WARN_STRICT_PROTOTYPES = YES;
				CLANG_WARN_SUSPICIOUS_MOVE = YES;
				CLANG_WARN_UNGUARDED_AVAILABILITY = YES_AGGRESSIVE;
				CLANG_WARN_UNREACHABLE_CODE = YES;
				CLANG_WARN__DUPLICATE_METHOD_MATCH = YES;
				COPY_PHASE_STRIP = NO;
				DEBUG_INFORMATION_FORMAT = "dwarf-with-dsym";
				ENABLE_NS_ASSERTIONS = NO;
				ENABLE_STRICT_OBJC_MSGSEND = YES;
				ENABLE_USER_SCRIPT_SANDBOXING = YES;
				GCC_C_LANGUAGE_STANDARD = gnu17;
				GCC_NO_COMMON_BLOCKS = YES;
				GCC_WARN_64_TO_32_BIT_CONVERSION = YES;
				GCC_WARN_ABOUT_RETURN_TYPE = YES_ERROR;
				GCC_WARN_UNDECLARED_SELECTOR = YES;
				GCC_WARN_UNINITIALIZED_AUTOS = YES_AGGRESSIVE;
				GCC_WARN_UNUSED_FUNCTION = YES;
				GCC_WARN_UNUSED_VARIABLE = YES;
				LOCALIZATION_PREFERS_STRING_CATALOGS = YES;
				MTL_ENABLE_DEBUG_INFO = NO;
				MTL_FAST_MATH = YES;
				SWIFT_COMPILATION_MODE = wholemodule;
			};
			name = Release;
		};
		073E8C142BF374E100B64A46 /* Debug */ = {
			isa = XCBuildConfiguration;
			buildSettings = {
				ASSETCATALOG_COMPILER_APPICON_NAME = AppIcon;
				ASSETCATALOG_COMPILER_GLOBAL_ACCENT_COLOR_NAME = AccentColor;
				CODE_SIGN_ENTITLEMENTS = "Kontest Admin/Kontest_Admin.entitlements";
				CODE_SIGN_STYLE = Automatic;
				CURRENT_PROJECT_VERSION = 1;
				DEVELOPMENT_ASSET_PATHS = "\"Kontest Admin/Preview Content\"";
				DEVELOPMENT_TEAM = R2Z9FDM5M6;
				ENABLE_HARDENED_RUNTIME = YES;
				ENABLE_PREVIEWS = YES;
				GENERATE_INFOPLIST_FILE = YES;
				"INFOPLIST_KEY_UIApplicationSceneManifest_Generation[sdk=iphoneos*]" = YES;
				"INFOPLIST_KEY_UIApplicationSceneManifest_Generation[sdk=iphonesimulator*]" = YES;
				"INFOPLIST_KEY_UIApplicationSupportsIndirectInputEvents[sdk=iphoneos*]" = YES;
				"INFOPLIST_KEY_UIApplicationSupportsIndirectInputEvents[sdk=iphonesimulator*]" = YES;
				"INFOPLIST_KEY_UILaunchScreen_Generation[sdk=iphoneos*]" = YES;
				"INFOPLIST_KEY_UILaunchScreen_Generation[sdk=iphonesimulator*]" = YES;
				"INFOPLIST_KEY_UIStatusBarStyle[sdk=iphoneos*]" = UIStatusBarStyleDefault;
				"INFOPLIST_KEY_UIStatusBarStyle[sdk=iphonesimulator*]" = UIStatusBarStyleDefault;
				INFOPLIST_KEY_UISupportedInterfaceOrientations_iPad = "UIInterfaceOrientationPortrait UIInterfaceOrientationPortraitUpsideDown UIInterfaceOrientationLandscapeLeft UIInterfaceOrientationLandscapeRight";
				INFOPLIST_KEY_UISupportedInterfaceOrientations_iPhone = "UIInterfaceOrientationPortrait UIInterfaceOrientationLandscapeLeft UIInterfaceOrientationLandscapeRight";
				IPHONEOS_DEPLOYMENT_TARGET = 17.0;
				LD_RUNPATH_SEARCH_PATHS = "@executable_path/Frameworks";
				"LD_RUNPATH_SEARCH_PATHS[sdk=macosx*]" = "@executable_path/../Frameworks";
				MACOSX_DEPLOYMENT_TARGET = 14.5;
				MARKETING_VERSION = 1.0;
				PRODUCT_BUNDLE_IDENTIFIER = "com.ayushsinghal.Kontest-Admin";
				PRODUCT_NAME = "$(TARGET_NAME)";
				SDKROOT = auto;
				SUPPORTED_PLATFORMS = "iphoneos iphonesimulator macosx";
				SWIFT_EMIT_LOC_STRINGS = YES;
				SWIFT_VERSION = 5.0;
				TARGETED_DEVICE_FAMILY = "1,2";
			};
			name = Debug;
		};
		073E8C152BF374E100B64A46 /* Release */ = {
			isa = XCBuildConfiguration;
			buildSettings = {
				ASSETCATALOG_COMPILER_APPICON_NAME = AppIcon;
				ASSETCATALOG_COMPILER_GLOBAL_ACCENT_COLOR_NAME = AccentColor;
				CODE_SIGN_ENTITLEMENTS = "Kontest Admin/Kontest_Admin.entitlements";
				CODE_SIGN_STYLE = Automatic;
				CURRENT_PROJECT_VERSION = 1;
				DEVELOPMENT_ASSET_PATHS = "\"Kontest Admin/Preview Content\"";
				DEVELOPMENT_TEAM = R2Z9FDM5M6;
				ENABLE_HARDENED_RUNTIME = YES;
				ENABLE_PREVIEWS = YES;
				GENERATE_INFOPLIST_FILE = YES;
				"INFOPLIST_KEY_UIApplicationSceneManifest_Generation[sdk=iphoneos*]" = YES;
				"INFOPLIST_KEY_UIApplicationSceneManifest_Generation[sdk=iphonesimulator*]" = YES;
				"INFOPLIST_KEY_UIApplicationSupportsIndirectInputEvents[sdk=iphoneos*]" = YES;
				"INFOPLIST_KEY_UIApplicationSupportsIndirectInputEvents[sdk=iphonesimulator*]" = YES;
				"INFOPLIST_KEY_UILaunchScreen_Generation[sdk=iphoneos*]" = YES;
				"INFOPLIST_KEY_UILaunchScreen_Generation[sdk=iphonesimulator*]" = YES;
				"INFOPLIST_KEY_UIStatusBarStyle[sdk=iphoneos*]" = UIStatusBarStyleDefault;
				"INFOPLIST_KEY_UIStatusBarStyle[sdk=iphonesimulator*]" = UIStatusBarStyleDefault;
				INFOPLIST_KEY_UISupportedInterfaceOrientations_iPad = "UIInterfaceOrientationPortrait UIInterfaceOrientationPortraitUpsideDown UIInterfaceOrientationLandscapeLeft UIInterfaceOrientationLandscapeRight";
				INFOPLIST_KEY_UISupportedInterfaceOrientations_iPhone = "UIInterfaceOrientationPortrait UIInterfaceOrientationLandscapeLeft UIInterfaceOrientationLandscapeRight";
				IPHONEOS_DEPLOYMENT_TARGET = 17.0;
				LD_RUNPATH_SEARCH_PATHS = "@executable_path/Frameworks";
				"LD_RUNPATH_SEARCH_PATHS[sdk=macosx*]" = "@executable_path/../Frameworks";
				MACOSX_DEPLOYMENT_TARGET = 14.5;
				MARKETING_VERSION = 1.0;
				PRODUCT_BUNDLE_IDENTIFIER = "com.ayushsinghal.Kontest-Admin";
				PRODUCT_NAME = "$(TARGET_NAME)";
				SDKROOT = auto;
				SUPPORTED_PLATFORMS = "iphoneos iphonesimulator macosx";
				SWIFT_EMIT_LOC_STRINGS = YES;
				SWIFT_VERSION = 5.0;
				TARGETED_DEVICE_FAMILY = "1,2";
			};
			name = Release;
		};
		073E8C172BF374E100B64A46 /* Debug */ = {
			isa = XCBuildConfiguration;
			buildSettings = {
				ALWAYS_EMBED_SWIFT_STANDARD_LIBRARIES = YES;
				BUNDLE_LOADER = "$(TEST_HOST)";
				CODE_SIGN_STYLE = Automatic;
				CURRENT_PROJECT_VERSION = 1;
				DEVELOPMENT_TEAM = R2Z9FDM5M6;
				GENERATE_INFOPLIST_FILE = YES;
				IPHONEOS_DEPLOYMENT_TARGET = 17.5;
				MACOSX_DEPLOYMENT_TARGET = 14.5;
				MARKETING_VERSION = 1.0;
				PRODUCT_BUNDLE_IDENTIFIER = "com.ayushsinghal.Kontest-AdminTests";
				PRODUCT_NAME = "$(TARGET_NAME)";
				SDKROOT = auto;
				SUPPORTED_PLATFORMS = "iphoneos iphonesimulator macosx";
				SWIFT_EMIT_LOC_STRINGS = NO;
				SWIFT_VERSION = 5.0;
				TARGETED_DEVICE_FAMILY = "1,2";
				TEST_HOST = "$(BUILT_PRODUCTS_DIR)/Kontest Admin.app/$(BUNDLE_EXECUTABLE_FOLDER_PATH)/Kontest Admin";
			};
			name = Debug;
		};
		073E8C182BF374E100B64A46 /* Release */ = {
			isa = XCBuildConfiguration;
			buildSettings = {
				ALWAYS_EMBED_SWIFT_STANDARD_LIBRARIES = YES;
				BUNDLE_LOADER = "$(TEST_HOST)";
				CODE_SIGN_STYLE = Automatic;
				CURRENT_PROJECT_VERSION = 1;
				DEVELOPMENT_TEAM = R2Z9FDM5M6;
				GENERATE_INFOPLIST_FILE = YES;
				IPHONEOS_DEPLOYMENT_TARGET = 17.5;
				MACOSX_DEPLOYMENT_TARGET = 14.5;
				MARKETING_VERSION = 1.0;
				PRODUCT_BUNDLE_IDENTIFIER = "com.ayushsinghal.Kontest-AdminTests";
				PRODUCT_NAME = "$(TARGET_NAME)";
				SDKROOT = auto;
				SUPPORTED_PLATFORMS = "iphoneos iphonesimulator macosx";
				SWIFT_EMIT_LOC_STRINGS = NO;
				SWIFT_VERSION = 5.0;
				TARGETED_DEVICE_FAMILY = "1,2";
				TEST_HOST = "$(BUILT_PRODUCTS_DIR)/Kontest Admin.app/$(BUNDLE_EXECUTABLE_FOLDER_PATH)/Kontest Admin";
			};
			name = Release;
		};
		073E8C1A2BF374E100B64A46 /* Debug */ = {
			isa = XCBuildConfiguration;
			buildSettings = {
				ALWAYS_EMBED_SWIFT_STANDARD_LIBRARIES = YES;
				CODE_SIGN_STYLE = Automatic;
				CURRENT_PROJECT_VERSION = 1;
				DEVELOPMENT_TEAM = R2Z9FDM5M6;
				GENERATE_INFOPLIST_FILE = YES;
				IPHONEOS_DEPLOYMENT_TARGET = 17.5;
				MACOSX_DEPLOYMENT_TARGET = 14.5;
				MARKETING_VERSION = 1.0;
				PRODUCT_BUNDLE_IDENTIFIER = "com.ayushsinghal.Kontest-AdminUITests";
				PRODUCT_NAME = "$(TARGET_NAME)";
				SDKROOT = auto;
				SUPPORTED_PLATFORMS = "iphoneos iphonesimulator macosx";
				SWIFT_EMIT_LOC_STRINGS = NO;
				SWIFT_VERSION = 5.0;
				TARGETED_DEVICE_FAMILY = "1,2";
				TEST_TARGET_NAME = "Kontest Admin";
			};
			name = Debug;
		};
		073E8C1B2BF374E100B64A46 /* Release */ = {
			isa = XCBuildConfiguration;
			buildSettings = {
				ALWAYS_EMBED_SWIFT_STANDARD_LIBRARIES = YES;
				CODE_SIGN_STYLE = Automatic;
				CURRENT_PROJECT_VERSION = 1;
				DEVELOPMENT_TEAM = R2Z9FDM5M6;
				GENERATE_INFOPLIST_FILE = YES;
				IPHONEOS_DEPLOYMENT_TARGET = 17.5;
				MACOSX_DEPLOYMENT_TARGET = 14.5;
				MARKETING_VERSION = 1.0;
				PRODUCT_BUNDLE_IDENTIFIER = "com.ayushsinghal.Kontest-AdminUITests";
				PRODUCT_NAME = "$(TARGET_NAME)";
				SDKROOT = auto;
				SUPPORTED_PLATFORMS = "iphoneos iphonesimulator macosx";
				SWIFT_EMIT_LOC_STRINGS = NO;
				SWIFT_VERSION = 5.0;
				TARGETED_DEVICE_FAMILY = "1,2";
				TEST_TARGET_NAME = "Kontest Admin";
			};
			name = Release;
		};
/* End XCBuildConfiguration section */

/* Begin XCConfigurationList section */
		073E8BE92BF374E000B64A46 /* Build configuration list for PBXProject "Kontest Admin" */ = {
			isa = XCConfigurationList;
			buildConfigurations = (
				073E8C112BF374E100B64A46 /* Debug */,
				073E8C122BF374E100B64A46 /* Release */,
			);
			defaultConfigurationIsVisible = 0;
			defaultConfigurationName = Release;
		};
		073E8C132BF374E100B64A46 /* Build configuration list for PBXNativeTarget "Kontest Admin" */ = {
			isa = XCConfigurationList;
			buildConfigurations = (
				073E8C142BF374E100B64A46 /* Debug */,
				073E8C152BF374E100B64A46 /* Release */,
			);
			defaultConfigurationIsVisible = 0;
			defaultConfigurationName = Release;
		};
		073E8C162BF374E100B64A46 /* Build configuration list for PBXNativeTarget "Kontest AdminTests" */ = {
			isa = XCConfigurationList;
			buildConfigurations = (
				073E8C172BF374E100B64A46 /* Debug */,
				073E8C182BF374E100B64A46 /* Release */,
			);
			defaultConfigurationIsVisible = 0;
			defaultConfigurationName = Release;
		};
		073E8C192BF374E100B64A46 /* Build configuration list for PBXNativeTarget "Kontest AdminUITests" */ = {
			isa = XCConfigurationList;
			buildConfigurations = (
				073E8C1A2BF374E100B64A46 /* Debug */,
				073E8C1B2BF374E100B64A46 /* Release */,
			);
			defaultConfigurationIsVisible = 0;
			defaultConfigurationName = Release;
		};
/* End XCConfigurationList section */

/* Begin XCRemoteSwiftPackageReference section */
		073E8C1E2BF3759C00B64A46 /* XCRemoteSwiftPackageReference "firebase-ios-sdk" */ = {
			isa = XCRemoteSwiftPackageReference;
			repositoryURL = "https://github.com/firebase/firebase-ios-sdk";
			requirement = {
				kind = upToNextMajorVersion;
				minimumVersion = 10.26.0;
			};
		};
		073E8C5D2BF39E1D00B64A46 /* XCRemoteSwiftPackageReference "apollo-ios" */ = {
			isa = XCRemoteSwiftPackageReference;
			repositoryURL = "https://github.com/apollographql/apollo-ios.git";
			requirement = {
				kind = upToNextMajorVersion;
				minimumVersion = 1.10.0;
			};
		};
/* End XCRemoteSwiftPackageReference section */

/* Begin XCSwiftPackageProductDependency section */
		073E8C1F2BF3759C00B64A46 /* FirebaseAnalytics */ = {
			isa = XCSwiftPackageProductDependency;
			package = 073E8C1E2BF3759C00B64A46 /* XCRemoteSwiftPackageReference "firebase-ios-sdk" */;
			productName = FirebaseAnalytics;
		};
		073E8C302BF3799A00B64A46 /* FirebaseAuth */ = {
			isa = XCSwiftPackageProductDependency;
			package = 073E8C1E2BF3759C00B64A46 /* XCRemoteSwiftPackageReference "firebase-ios-sdk" */;
			productName = FirebaseAuth;
		};
		073E8C342BF37C0900B64A46 /* FirebaseFirestore */ = {
			isa = XCSwiftPackageProductDependency;
			package = 073E8C1E2BF3759C00B64A46 /* XCRemoteSwiftPackageReference "firebase-ios-sdk" */;
			productName = FirebaseFirestore;
		};
		073E8C362BF37C0900B64A46 /* FirebaseFirestoreSwift */ = {
			isa = XCSwiftPackageProductDependency;
			package = 073E8C1E2BF3759C00B64A46 /* XCRemoteSwiftPackageReference "firebase-ios-sdk" */;
			productName = FirebaseFirestoreSwift;
		};
		073E8C5E2BF39E1D00B64A46 /* Apollo */ = {
			isa = XCSwiftPackageProductDependency;
			package = 073E8C5D2BF39E1D00B64A46 /* XCRemoteSwiftPackageReference "apollo-ios" */;
			productName = Apollo;
		};
/* End XCSwiftPackageProductDependency section */
	};
	rootObject = 073E8BE62BF374E000B64A46 /* Project object */;
}
